{
  "name": "Apt_Coder_Backend_Assignment",
  "version": "1.0.0",
  "lockfileVersion": 3,
  "requires": true,
  "author": "Tejaswi Rastogi",
  "description": "",
  "license": "ISC",
  "main": "app.js",
  "packages": {},
  "scripts": {
    "start": "nodemon app.js",
    "test": "echo \"Error: no test specified\" && exit 1"
  }
}
